
Microsoft Visual Studio Solution File, Format Version 12.00
# Visual Studio Version 17
VisualStudioVersion = 17.3.32901.215
MinimumVisualStudioVersion = 10.0.40219.1
Project("{FAE04EC0-301F-11D3-BF4B-00C04F79EFBC}") = "Backend", "Backend\Backend.csproj", "{8EADB2DA-2506-474E-9B9C-D286FEE2C393}"
EndProject
Global
	GlobalSection(SolutionConfigurationPlatforms) = preSolution
		Debug|Any CPU = Debug|Any CPU
		Release|Any CPU = Release|Any CPU
	EndGlobalSection
	GlobalSection(ProjectConfigurationPlatforms) = postSolution
		{8EADB2DA-2506-474E-9B9C-D286FEE2C393}.Debug|Any CPU.ActiveCfg = Debug|Any CPU
		{8EADB2DA-2506-474E-9B9C-D286FEE2C393}.Debug|Any CPU.Build.0 = Debug|Any CPU
		{8EADB2DA-2506-474E-9B9C-D286FEE2C393}.Release|Any CPU.ActiveCfg = Release|Any CPU
		{8EADB2DA-2506-474E-9B9C-D286FEE2C393}.Release|Any CPU.Build.0 = Release|Any CPU
	EndGlobalSection
	GlobalSection(SolutionProperties) = preSolution
		HideSolutionNode = FALSE
	EndGlobalSection
	GlobalSection(ExtensibilityGlobals) = postSolution
		SolutionGuid = {DE37B513-DC69-4298-B12E-E2D03B5E5951}
	EndGlobalSection
EndGlobal
